
Microsoft Visual Studio Solution File, Format Version 12.00
# Visual Studio Version 17
VisualStudioVersion = 17.7.34221.43
MinimumVisualStudioVersion = 10.0.40219.1
Project("{FAE04EC0-301F-11D3-BF4B-00C04F79EFBC}") = "LabQuestion", "LabQuestion\LabQuestion.csproj", "{1CBC2C80-5E90-43FE-8447-6A3BE64505FD}"
EndProject
Global
	GlobalSection(SolutionConfigurationPlatforms) = preSolution
		Debug|Any CPU = Debug|Any CPU
		Release|Any CPU = Release|Any CPU
	EndGlobalSection
	GlobalSection(ProjectConfigurationPlatforms) = postSolution
		{1CBC2C80-5E90-43FE-8447-6A3BE64505FD}.Debug|Any CPU.ActiveCfg = Debug|Any CPU
		{1CBC2C80-5E90-43FE-8447-6A3BE64505FD}.Debug|Any CPU.Build.0 = Debug|Any CPU
		{1CBC2C80-5E90-43FE-8447-6A3BE64505FD}.Release|Any CPU.ActiveCfg = Release|Any CPU
		{1CBC2C80-5E90-43FE-8447-6A3BE64505FD}.Release|Any CPU.Build.0 = Release|Any CPU
	EndGlobalSection
	GlobalSection(SolutionProperties) = preSolution
		HideSolutionNode = FALSE
	EndGlobalSection
	GlobalSection(ExtensibilityGlobals) = postSolution
		SolutionGuid = {44234EB7-F4DB-462D-AF06-B4E13B33C869}
	EndGlobalSection
EndGlobal
