
Microsoft Visual Studio Solution File, Format Version 12.00
# Visual Studio Version 17
VisualStudioVersion = 17.11.35312.102
MinimumVisualStudioVersion = 10.0.40219.1
Project("{FAE04EC0-301F-11D3-BF4B-00C04F79EFBC}") = "week_3 homework", "week_3 homework\week_3 homework.csproj", "{62983260-887C-415A-98B0-E0926E2BD97D}"
EndProject
Global
	GlobalSection(SolutionConfigurationPlatforms) = preSolution
		Debug|Any CPU = Debug|Any CPU
		Release|Any CPU = Release|Any CPU
	EndGlobalSection
	GlobalSection(ProjectConfigurationPlatforms) = postSolution
		{62983260-887C-415A-98B0-E0926E2BD97D}.Debug|Any CPU.ActiveCfg = Debug|Any CPU
		{62983260-887C-415A-98B0-E0926E2BD97D}.Debug|Any CPU.Build.0 = Debug|Any CPU
		{62983260-887C-415A-98B0-E0926E2BD97D}.Release|Any CPU.ActiveCfg = Release|Any CPU
		{62983260-887C-415A-98B0-E0926E2BD97D}.Release|Any CPU.Build.0 = Release|Any CPU
	EndGlobalSection
	GlobalSection(SolutionProperties) = preSolution
		HideSolutionNode = FALSE
	EndGlobalSection
	GlobalSection(ExtensibilityGlobals) = postSolution
		SolutionGuid = {E4C91EF4-7503-4001-B0A1-6D03439AABED}
	EndGlobalSection
EndGlobal
